// !$*UTF8*$!
{
	archiveVersion = 1;
	classes = {
	};
	objectVersion = 56;
	objects = {

/* Begin PBXBuildFile section */
		BD23A4282A6836680003250A /* caritasOfAustin.swift in Sources */ = {isa = PBXBuildFile; fileRef = BD23A4272A6836680003250A /* caritasOfAustin.swift */; };
		BD2D3B412A6721C2001F3A20 /* SecondView.swift in Sources */ = {isa = PBXBuildFile; fileRef = BD2D3B402A6721C2001F3A20 /* SecondView.swift */; };
		BD8783DD2A66D67F00117111 /* CATXApp.swift in Sources */ = {isa = PBXBuildFile; fileRef = BD8783DC2A66D67F00117111 /* CATXApp.swift */; };
		BD8783DF2A66D67F00117111 /* ContentView.swift in Sources */ = {isa = PBXBuildFile; fileRef = BD8783DE2A66D67F00117111 /* ContentView.swift */; };
		BD8783E12A66D68200117111 /* Assets.xcassets in Resources */ = {isa = PBXBuildFile; fileRef = BD8783E02A66D68200117111 /* Assets.xcassets */; };
		BD8783E42A66D68200117111 /* Preview Assets.xcassets in Resources */ = {isa = PBXBuildFile; fileRef = BD8783E32A66D68200117111 /* Preview Assets.xcassets */; };
		BDD06DC52A6869C4006C5F97 /* homelessnessView.swift in Sources */ = {isa = PBXBuildFile; fileRef = BDD06DC42A6869C4006C5F97 /* homelessnessView.swift */; };
		BDD06DC72A6869DC006C5F97 /* environmentView.swift in Sources */ = {isa = PBXBuildFile; fileRef = BDD06DC62A6869DC006C5F97 /* environmentView.swift */; };
		BDD06DCB2A686A03006C5F97 /* foodInsecurityView.swift in Sources */ = {isa = PBXBuildFile; fileRef = BDD06DCA2A686A03006C5F97 /* foodInsecurityView.swift */; };
		BDD06DCD2A686A99006C5F97 /* lgbtqView.swift in Sources */ = {isa = PBXBuildFile; fileRef = BDD06DCC2A686A99006C5F97 /* lgbtqView.swift */; };
		BDD06DCF2A688175006C5F97 /* OurMission.swift in Sources */ = {isa = PBXBuildFile; fileRef = BDD06DCE2A688175006C5F97 /* OurMission.swift */; };
		BDD06DD12A688187006C5F97 /* ContactInfo.swift in Sources */ = {isa = PBXBuildFile; fileRef = BDD06DD02A688187006C5F97 /* ContactInfo.swift */; };
		BDF915372A69B0220051E533 /* ZenLoop-Regular.ttf in Resources */ = {isa = PBXBuildFile; fileRef = BDF915362A69B0220051E533 /* ZenLoop-Regular.ttf */; };
		BDF9153C2A69B4160051E533 /* FontTest.swift in Sources */ = {isa = PBXBuildFile; fileRef = BDF9153B2A69B4160051E533 /* FontTest.swift */; };
		BDF9153E2A69B6990051E533 /* Oswald-VariableFont_wght.ttf in Resources */ = {isa = PBXBuildFile; fileRef = BDF9153D2A69B6990051E533 /* Oswald-VariableFont_wght.ttf */; };
		BDF915452A69B6AC0051E533 /* Oswald-ExtraLight.ttf in Resources */ = {isa = PBXBuildFile; fileRef = BDF9153F2A69B6AC0051E533 /* Oswald-ExtraLight.ttf */; };
		BDF915462A69B6AC0051E533 /* Oswald-Light.ttf in Resources */ = {isa = PBXBuildFile; fileRef = BDF915402A69B6AC0051E533 /* Oswald-Light.ttf */; };
		BDF915472A69B6AC0051E533 /* Oswald-Bold.ttf in Resources */ = {isa = PBXBuildFile; fileRef = BDF915412A69B6AC0051E533 /* Oswald-Bold.ttf */; };
		BDF915482A69B6AC0051E533 /* Oswald-Regular.ttf in Resources */ = {isa = PBXBuildFile; fileRef = BDF915422A69B6AC0051E533 /* Oswald-Regular.ttf */; };
		BDF915492A69B6AC0051E533 /* Oswald-Medium.ttf in Resources */ = {isa = PBXBuildFile; fileRef = BDF915432A69B6AC0051E533 /* Oswald-Medium.ttf */; };
		BDF9154A2A69B6AC0051E533 /* Oswald-SemiBold.ttf in Resources */ = {isa = PBXBuildFile; fileRef = BDF915442A69B6AC0051E533 /* Oswald-SemiBold.ttf */; };
		BDF9155D2A69B6D90051E533 /* FiraSans-SemiBoldItalic.ttf in Resources */ = {isa = PBXBuildFile; fileRef = BDF9154B2A69B6D90051E533 /* FiraSans-SemiBoldItalic.ttf */; };
		BDF9155E2A69B6D90051E533 /* FiraSans-BoldItalic.ttf in Resources */ = {isa = PBXBuildFile; fileRef = BDF9154C2A69B6D90051E533 /* FiraSans-BoldItalic.ttf */; };
		BDF9155F2A69B6D90051E533 /* FiraSans-ExtraBold.ttf in Resources */ = {isa = PBXBuildFile; fileRef = BDF9154D2A69B6D90051E533 /* FiraSans-ExtraBold.ttf */; };
		BDF915602A69B6D90051E533 /* FiraSans-ExtraLight.ttf in Resources */ = {isa = PBXBuildFile; fileRef = BDF9154E2A69B6D90051E533 /* FiraSans-ExtraLight.ttf */; };
		BDF915612A69B6D90051E533 /* FiraSans-ExtraBoldItalic.ttf in Resources */ = {isa = PBXBuildFile; fileRef = BDF9154F2A69B6D90051E533 /* FiraSans-ExtraBoldItalic.ttf */; };
		BDF915622A69B6D90051E533 /* FiraSans-ThinItalic.ttf in Resources */ = {isa = PBXBuildFile; fileRef = BDF915502A69B6D90051E533 /* FiraSans-ThinItalic.ttf */; };
		BDF915632A69B6D90051E533 /* FiraSans-ExtraLightItalic.ttf in Resources */ = {isa = PBXBuildFile; fileRef = BDF915512A69B6D90051E533 /* FiraSans-ExtraLightItalic.ttf */; };
		BDF915642A69B6D90051E533 /* FiraSans-MediumItalic.ttf in Resources */ = {isa = PBXBuildFile; fileRef = BDF915522A69B6D90051E533 /* FiraSans-MediumItalic.ttf */; };
		BDF915652A69B6D90051E533 /* FiraSans-Thin.ttf in Resources */ = {isa = PBXBuildFile; fileRef = BDF915532A69B6D90051E533 /* FiraSans-Thin.ttf */; };
		BDF915662A69B6D90051E533 /* FiraSans-Bold.ttf in Resources */ = {isa = PBXBuildFile; fileRef = BDF915542A69B6D90051E533 /* FiraSans-Bold.ttf */; };
		BDF915672A69B6D90051E533 /* FiraSans-Regular.ttf in Resources */ = {isa = PBXBuildFile; fileRef = BDF915552A69B6D90051E533 /* FiraSans-Regular.ttf */; };
		BDF915682A69B6D90051E533 /* FiraSans-BlackItalic.ttf in Resources */ = {isa = PBXBuildFile; fileRef = BDF915562A69B6D90051E533 /* FiraSans-BlackItalic.ttf */; };
		BDF915692A69B6D90051E533 /* FiraSans-Black.ttf in Resources */ = {isa = PBXBuildFile; fileRef = BDF915572A69B6D90051E533 /* FiraSans-Black.ttf */; };
		BDF9156A2A69B6D90051E533 /* FiraSans-Italic.ttf in Resources */ = {isa = PBXBuildFile; fileRef = BDF915582A69B6D90051E533 /* FiraSans-Italic.ttf */; };
		BDF9156B2A69B6D90051E533 /* FiraSans-Medium.ttf in Resources */ = {isa = PBXBuildFile; fileRef = BDF915592A69B6D90051E533 /* FiraSans-Medium.ttf */; };
		BDF9156C2A69B6D90051E533 /* FiraSans-Light.ttf in Resources */ = {isa = PBXBuildFile; fileRef = BDF9155A2A69B6D90051E533 /* FiraSans-Light.ttf */; };
		BDF9156D2A69B6D90051E533 /* FiraSans-LightItalic.ttf in Resources */ = {isa = PBXBuildFile; fileRef = BDF9155B2A69B6D90051E533 /* FiraSans-LightItalic.ttf */; };
		BDF9156E2A69B6D90051E533 /* FiraSans-SemiBold.ttf in Resources */ = {isa = PBXBuildFile; fileRef = BDF9155C2A69B6D90051E533 /* FiraSans-SemiBold.ttf */; };
		BDFE79782A68424700057068 /* mobileLoavesAndFishes.swift in Sources */ = {isa = PBXBuildFile; fileRef = BDFE79772A68424700057068 /* mobileLoavesAndFishes.swift */; };
		BDFE797A2A68436200057068 /* rainforestPartnership.swift in Sources */ = {isa = PBXBuildFile; fileRef = BDFE79792A68436200057068 /* rainforestPartnership.swift */; };
		BDFE797C2A68444D00057068 /* keepAustinBeautiful.swift in Sources */ = {isa = PBXBuildFile; fileRef = BDFE797B2A68444D00057068 /* keepAustinBeautiful.swift */; };
		BDFE797E2A6846E100057068 /* keepAustinFed.swift in Sources */ = {isa = PBXBuildFile; fileRef = BDFE797D2A6846E100057068 /* keepAustinFed.swift */; };
		BDFE79802A68473700057068 /* centralTexasFoodBank.swift in Sources */ = {isa = PBXBuildFile; fileRef = BDFE797F2A68473700057068 /* centralTexasFoodBank.swift */; };
		BDFE79822A68477F00057068 /* outYouth.swift in Sources */ = {isa = PBXBuildFile; fileRef = BDFE79812A68477F00057068 /* outYouth.swift */; };
		BDFE79842A6847C600057068 /* transgenderEducationNet.swift in Sources */ = {isa = PBXBuildFile; fileRef = BDFE79832A6847C600057068 /* transgenderEducationNet.swift */; };
/* End PBXBuildFile section */

/* Begin PBXFileReference section */
		BD23A4272A6836680003250A /* caritasOfAustin.swift */ = {isa = PBXFileReference; lastKnownFileType = sourcecode.swift; path = caritasOfAustin.swift; sourceTree = "<group>"; };
		BD2D3B402A6721C2001F3A20 /* SecondView.swift */ = {isa = PBXFileReference; lastKnownFileType = sourcecode.swift; path = SecondView.swift; sourceTree = "<group>"; };
		BD8783D92A66D67F00117111 /* CATX.app */ = {isa = PBXFileReference; explicitFileType = wrapper.application; includeInIndex = 0; path = CATX.app; sourceTree = BUILT_PRODUCTS_DIR; };
		BD8783DC2A66D67F00117111 /* CATXApp.swift */ = {isa = PBXFileReference; lastKnownFileType = sourcecode.swift; path = CATXApp.swift; sourceTree = "<group>"; };
		BD8783DE2A66D67F00117111 /* ContentView.swift */ = {isa = PBXFileReference; lastKnownFileType = sourcecode.swift; path = ContentView.swift; sourceTree = "<group>"; };
		BD8783E02A66D68200117111 /* Assets.xcassets */ = {isa = PBXFileReference; lastKnownFileType = folder.assetcatalog; path = Assets.xcassets; sourceTree = "<group>"; };
		BD8783E32A66D68200117111 /* Preview Assets.xcassets */ = {isa = PBXFileReference; lastKnownFileType = folder.assetcatalog; path = "Preview Assets.xcassets"; sourceTree = "<group>"; };
		BDD06DC42A6869C4006C5F97 /* homelessnessView.swift */ = {isa = PBXFileReference; lastKnownFileType = sourcecode.swift; path = homelessnessView.swift; sourceTree = "<group>"; };
		BDD06DC62A6869DC006C5F97 /* environmentView.swift */ = {isa = PBXFileReference; lastKnownFileType = sourcecode.swift; path = environmentView.swift; sourceTree = "<group>"; };
		BDD06DCA2A686A03006C5F97 /* foodInsecurityView.swift */ = {isa = PBXFileReference; lastKnownFileType = sourcecode.swift; path = foodInsecurityView.swift; sourceTree = "<group>"; };
		BDD06DCC2A686A99006C5F97 /* lgbtqView.swift */ = {isa = PBXFileReference; lastKnownFileType = sourcecode.swift; path = lgbtqView.swift; sourceTree = "<group>"; };
		BDD06DCE2A688175006C5F97 /* OurMission.swift */ = {isa = PBXFileReference; lastKnownFileType = sourcecode.swift; path = OurMission.swift; sourceTree = "<group>"; };
		BDD06DD02A688187006C5F97 /* ContactInfo.swift */ = {isa = PBXFileReference; lastKnownFileType = sourcecode.swift; path = ContactInfo.swift; sourceTree = "<group>"; };
		BDF915362A69B0220051E533 /* ZenLoop-Regular.ttf */ = {isa = PBXFileReference; lastKnownFileType = file; path = "ZenLoop-Regular.ttf"; sourceTree = "<group>"; };
		BDF915382A69B1250051E533 /* Info.plist */ = {isa = PBXFileReference; lastKnownFileType = text.plist; path = Info.plist; sourceTree = "<group>"; };
		BDF9153B2A69B4160051E533 /* FontTest.swift */ = {isa = PBXFileReference; lastKnownFileType = sourcecode.swift; path = FontTest.swift; sourceTree = "<group>"; };
		BDF9153D2A69B6990051E533 /* Oswald-VariableFont_wght.ttf */ = {isa = PBXFileReference; lastKnownFileType = file; path = "Oswald-VariableFont_wght.ttf"; sourceTree = "<group>"; };
		BDF9153F2A69B6AC0051E533 /* Oswald-ExtraLight.ttf */ = {isa = PBXFileReference; lastKnownFileType = file; path = "Oswald-ExtraLight.ttf"; sourceTree = "<group>"; };
		BDF915402A69B6AC0051E533 /* Oswald-Light.ttf */ = {isa = PBXFileReference; lastKnownFileType = file; path = "Oswald-Light.ttf"; sourceTree = "<group>"; };
		BDF915412A69B6AC0051E533 /* Oswald-Bold.ttf */ = {isa = PBXFileReference; lastKnownFileType = file; path = "Oswald-Bold.ttf"; sourceTree = "<group>"; };
		BDF915422A69B6AC0051E533 /* Oswald-Regular.ttf */ = {isa = PBXFileReference; lastKnownFileType = file; path = "Oswald-Regular.ttf"; sourceTree = "<group>"; };
		BDF915432A69B6AC0051E533 /* Oswald-Medium.ttf */ = {isa = PBXFileReference; lastKnownFileType = file; path = "Oswald-Medium.ttf"; sourceTree = "<group>"; };
		BDF915442A69B6AC0051E533 /* Oswald-SemiBold.ttf */ = {isa = PBXFileReference; lastKnownFileType = file; path = "Oswald-SemiBold.ttf"; sourceTree = "<group>"; };
		BDF9154B2A69B6D90051E533 /* FiraSans-SemiBoldItalic.ttf */ = {isa = PBXFileReference; lastKnownFileType = file; path = "FiraSans-SemiBoldItalic.ttf"; sourceTree = "<group>"; };
		BDF9154C2A69B6D90051E533 /* FiraSans-BoldItalic.ttf */ = {isa = PBXFileReference; lastKnownFileType = file; path = "FiraSans-BoldItalic.ttf"; sourceTree = "<group>"; };
		BDF9154D2A69B6D90051E533 /* FiraSans-ExtraBold.ttf */ = {isa = PBXFileReference; lastKnownFileType = file; path = "FiraSans-ExtraBold.ttf"; sourceTree = "<group>"; };
		BDF9154E2A69B6D90051E533 /* FiraSans-ExtraLight.ttf */ = {isa = PBXFileReference; lastKnownFileType = file; path = "FiraSans-ExtraLight.ttf"; sourceTree = "<group>"; };
		BDF9154F2A69B6D90051E533 /* FiraSans-ExtraBoldItalic.ttf */ = {isa = PBXFileReference; lastKnownFileType = file; path = "FiraSans-ExtraBoldItalic.ttf"; sourceTree = "<group>"; };
		BDF915502A69B6D90051E533 /* FiraSans-ThinItalic.ttf */ = {isa = PBXFileReference; lastKnownFileType = file; path = "FiraSans-ThinItalic.ttf"; sourceTree = "<group>"; };
		BDF915512A69B6D90051E533 /* FiraSans-ExtraLightItalic.ttf */ = {isa = PBXFileReference; lastKnownFileType = file; path = "FiraSans-ExtraLightItalic.ttf"; sourceTree = "<group>"; };
		BDF915522A69B6D90051E533 /* FiraSans-MediumItalic.ttf */ = {isa = PBXFileReference; lastKnownFileType = file; path = "FiraSans-MediumItalic.ttf"; sourceTree = "<group>"; };
		BDF915532A69B6D90051E533 /* FiraSans-Thin.ttf */ = {isa = PBXFileReference; lastKnownFileType = file; path = "FiraSans-Thin.ttf"; sourceTree = "<group>"; };
		BDF915542A69B6D90051E533 /* FiraSans-Bold.ttf */ = {isa = PBXFileReference; lastKnownFileType = file; path = "FiraSans-Bold.ttf"; sourceTree = "<group>"; };
		BDF915552A69B6D90051E533 /* FiraSans-Regular.ttf */ = {isa = PBXFileReference; lastKnownFileType = file; path = "FiraSans-Regular.ttf"; sourceTree = "<group>"; };
		BDF915562A69B6D90051E533 /* FiraSans-BlackItalic.ttf */ = {isa = PBXFileReference; lastKnownFileType = file; path = "FiraSans-BlackItalic.ttf"; sourceTree = "<group>"; };
		BDF915572A69B6D90051E533 /* FiraSans-Black.ttf */ = {isa = PBXFileReference; lastKnownFileType = file; path = "FiraSans-Black.ttf"; sourceTree = "<group>"; };
		BDF915582A69B6D90051E533 /* FiraSans-Italic.ttf */ = {isa = PBXFileReference; lastKnownFileType = file; path = "FiraSans-Italic.ttf"; sourceTree = "<group>"; };
		BDF915592A69B6D90051E533 /* FiraSans-Medium.ttf */ = {isa = PBXFileReference; lastKnownFileType = file; path = "FiraSans-Medium.ttf"; sourceTree = "<group>"; };
		BDF9155A2A69B6D90051E533 /* FiraSans-Light.ttf */ = {isa = PBXFileReference; lastKnownFileType = file; path = "FiraSans-Light.ttf"; sourceTree = "<group>"; };
		BDF9155B2A69B6D90051E533 /* FiraSans-LightItalic.ttf */ = {isa = PBXFileReference; lastKnownFileType = file; path = "FiraSans-LightItalic.ttf"; sourceTree = "<group>"; };
		BDF9155C2A69B6D90051E533 /* FiraSans-SemiBold.ttf */ = {isa = PBXFileReference; lastKnownFileType = file; path = "FiraSans-SemiBold.ttf"; sourceTree = "<group>"; };
		BDFE79772A68424700057068 /* mobileLoavesAndFishes.swift */ = {isa = PBXFileReference; lastKnownFileType = sourcecode.swift; path = mobileLoavesAndFishes.swift; sourceTree = "<group>"; };
		BDFE79792A68436200057068 /* rainforestPartnership.swift */ = {isa = PBXFileReference; lastKnownFileType = sourcecode.swift; path = rainforestPartnership.swift; sourceTree = "<group>"; };
		BDFE797B2A68444D00057068 /* keepAustinBeautiful.swift */ = {isa = PBXFileReference; lastKnownFileType = sourcecode.swift; path = keepAustinBeautiful.swift; sourceTree = "<group>"; };
		BDFE797D2A6846E100057068 /* keepAustinFed.swift */ = {isa = PBXFileReference; lastKnownFileType = sourcecode.swift; path = keepAustinFed.swift; sourceTree = "<group>"; };
		BDFE797F2A68473700057068 /* centralTexasFoodBank.swift */ = {isa = PBXFileReference; lastKnownFileType = sourcecode.swift; path = centralTexasFoodBank.swift; sourceTree = "<group>"; };
		BDFE79812A68477F00057068 /* outYouth.swift */ = {isa = PBXFileReference; lastKnownFileType = sourcecode.swift; path = outYouth.swift; sourceTree = "<group>"; };
		BDFE79832A6847C600057068 /* transgenderEducationNet.swift */ = {isa = PBXFileReference; lastKnownFileType = sourcecode.swift; path = transgenderEducationNet.swift; sourceTree = "<group>"; };
/* End PBXFileReference section */

/* Begin PBXFrameworksBuildPhase section */
		BD8783D62A66D67F00117111 /* Frameworks */ = {
			isa = PBXFrameworksBuildPhase;
			buildActionMask = 2147483647;
			files = (
			);
			runOnlyForDeploymentPostprocessing = 0;
		};
/* End PBXFrameworksBuildPhase section */

/* Begin PBXGroup section */
		BD8783D02A66D67F00117111 = {
			isa = PBXGroup;
			children = (
				BD8783DB2A66D67F00117111 /* CATX */,
				BD8783DA2A66D67F00117111 /* Products */,
			);
			sourceTree = "<group>";
		};
		BD8783DA2A66D67F00117111 /* Products */ = {
			isa = PBXGroup;
			children = (
				BD8783D92A66D67F00117111 /* CATX.app */,
			);
			name = Products;
			sourceTree = "<group>";
		};
		BD8783DB2A66D67F00117111 /* CATX */ = {
			isa = PBXGroup;
			children = (
				BDF915382A69B1250051E533 /* Info.plist */,
				BDF915342A69AFF50051E533 /* Font */,
				BD8783DC2A66D67F00117111 /* CATXApp.swift */,
				BD8783DE2A66D67F00117111 /* ContentView.swift */,
				BD2D3B402A6721C2001F3A20 /* SecondView.swift */,
				BDD06DCE2A688175006C5F97 /* OurMission.swift */,
				BDD06DD02A688187006C5F97 /* ContactInfo.swift */,
				BDD06DC42A6869C4006C5F97 /* homelessnessView.swift */,
				BDD06DC62A6869DC006C5F97 /* environmentView.swift */,
				BDD06DCA2A686A03006C5F97 /* foodInsecurityView.swift */,
				BDD06DCC2A686A99006C5F97 /* lgbtqView.swift */,
				BDFE79832A6847C600057068 /* transgenderEducationNet.swift */,
				BDFE79812A68477F00057068 /* outYouth.swift */,
				BDFE797F2A68473700057068 /* centralTexasFoodBank.swift */,
				BDFE797D2A6846E100057068 /* keepAustinFed.swift */,
				BDFE797B2A68444D00057068 /* keepAustinBeautiful.swift */,
				BDFE79772A68424700057068 /* mobileLoavesAndFishes.swift */,
				BD23A4272A6836680003250A /* caritasOfAustin.swift */,
				BDFE79792A68436200057068 /* rainforestPartnership.swift */,
				BD8783E02A66D68200117111 /* Assets.xcassets */,
				BD8783E22A66D68200117111 /* Preview Content */,
			);
			path = CATX;
			sourceTree = "<group>";
		};
		BD8783E22A66D68200117111 /* Preview Content */ = {
			isa = PBXGroup;
			children = (
				BD8783E32A66D68200117111 /* Preview Assets.xcassets */,
			);
			path = "Preview Content";
			sourceTree = "<group>";
		};
		BDF915342A69AFF50051E533 /* Font */ = {
			isa = PBXGroup;
			children = (
				BDF915572A69B6D90051E533 /* FiraSans-Black.ttf */,
				BDF915562A69B6D90051E533 /* FiraSans-BlackItalic.ttf */,
				BDF915542A69B6D90051E533 /* FiraSans-Bold.ttf */,
				BDF9154C2A69B6D90051E533 /* FiraSans-BoldItalic.ttf */,
				BDF9154D2A69B6D90051E533 /* FiraSans-ExtraBold.ttf */,
				BDF9154F2A69B6D90051E533 /* FiraSans-ExtraBoldItalic.ttf */,
				BDF9154E2A69B6D90051E533 /* FiraSans-ExtraLight.ttf */,
				BDF915512A69B6D90051E533 /* FiraSans-ExtraLightItalic.ttf */,
				BDF915582A69B6D90051E533 /* FiraSans-Italic.ttf */,
				BDF9155A2A69B6D90051E533 /* FiraSans-Light.ttf */,
				BDF9155B2A69B6D90051E533 /* FiraSans-LightItalic.ttf */,
				BDF915592A69B6D90051E533 /* FiraSans-Medium.ttf */,
				BDF915522A69B6D90051E533 /* FiraSans-MediumItalic.ttf */,
				BDF915552A69B6D90051E533 /* FiraSans-Regular.ttf */,
				BDF9155C2A69B6D90051E533 /* FiraSans-SemiBold.ttf */,
				BDF9154B2A69B6D90051E533 /* FiraSans-SemiBoldItalic.ttf */,
				BDF915532A69B6D90051E533 /* FiraSans-Thin.ttf */,
				BDF915502A69B6D90051E533 /* FiraSans-ThinItalic.ttf */,
				BDF915412A69B6AC0051E533 /* Oswald-Bold.ttf */,
				BDF9153F2A69B6AC0051E533 /* Oswald-ExtraLight.ttf */,
				BDF915402A69B6AC0051E533 /* Oswald-Light.ttf */,
				BDF915432A69B6AC0051E533 /* Oswald-Medium.ttf */,
				BDF915422A69B6AC0051E533 /* Oswald-Regular.ttf */,
				BDF915442A69B6AC0051E533 /* Oswald-SemiBold.ttf */,
				BDF9153D2A69B6990051E533 /* Oswald-VariableFont_wght.ttf */,
				BDF9153B2A69B4160051E533 /* FontTest.swift */,
				BDF915362A69B0220051E533 /* ZenLoop-Regular.ttf */,
			);
			path = Font;
			sourceTree = "<group>";
		};
/* End PBXGroup section */

/* Begin PBXNativeTarget section */
		BD8783D82A66D67F00117111 /* CATX */ = {
			isa = PBXNativeTarget;
			buildConfigurationList = BD8783E72A66D68200117111 /* Build configuration list for PBXNativeTarget "CATX" */;
			buildPhases = (
				BD8783D52A66D67F00117111 /* Sources */,
				BD8783D62A66D67F00117111 /* Frameworks */,
				BD8783D72A66D67F00117111 /* Resources */,
			);
			buildRules = (
			);
			dependencies = (
			);
			name = CATX;
			productName = CATX;
			productReference = BD8783D92A66D67F00117111 /* CATX.app */;
			productType = "com.apple.product-type.application";
		};
/* End PBXNativeTarget section */

/* Begin PBXProject section */
		BD8783D12A66D67F00117111 /* Project object */ = {
			isa = PBXProject;
			attributes = {
				BuildIndependentTargetsInParallel = 1;
				LastSwiftUpdateCheck = 1430;
				LastUpgradeCheck = 1430;
				TargetAttributes = {
					BD8783D82A66D67F00117111 = {
						CreatedOnToolsVersion = 14.3.1;
					};
				};
			};
			buildConfigurationList = BD8783D42A66D67F00117111 /* Build configuration list for PBXProject "CATX" */;
			compatibilityVersion = "Xcode 14.0";
			developmentRegion = en;
			hasScannedForEncodings = 0;
			knownRegions = (
				en,
				Base,
			);
			mainGroup = BD8783D02A66D67F00117111;
			productRefGroup = BD8783DA2A66D67F00117111 /* Products */;
			projectDirPath = "";
			projectRoot = "";
			targets = (
				BD8783D82A66D67F00117111 /* CATX */,
			);
		};
/* End PBXProject section */

/* Begin PBXResourcesBuildPhase section */
		BD8783D72A66D67F00117111 /* Resources */ = {
			isa = PBXResourcesBuildPhase;
			buildActionMask = 2147483647;
			files = (
				BDF915622A69B6D90051E533 /* FiraSans-ThinItalic.ttf in Resources */,
				BDF915632A69B6D90051E533 /* FiraSans-ExtraLightItalic.ttf in Resources */,
				BD8783E42A66D68200117111 /* Preview Assets.xcassets in Resources */,
				BDF915602A69B6D90051E533 /* FiraSans-ExtraLight.ttf in Resources */,
				BDF915642A69B6D90051E533 /* FiraSans-MediumItalic.ttf in Resources */,
				BDF9154A2A69B6AC0051E533 /* Oswald-SemiBold.ttf in Resources */,
				BDF9156C2A69B6D90051E533 /* FiraSans-Light.ttf in Resources */,
				BDF915452A69B6AC0051E533 /* Oswald-ExtraLight.ttf in Resources */,
				BDF9156E2A69B6D90051E533 /* FiraSans-SemiBold.ttf in Resources */,
				BDF915692A69B6D90051E533 /* FiraSans-Black.ttf in Resources */,
				BDF9153E2A69B6990051E533 /* Oswald-VariableFont_wght.ttf in Resources */,
				BDF9156A2A69B6D90051E533 /* FiraSans-Italic.ttf in Resources */,
				BDF915612A69B6D90051E533 /* FiraSans-ExtraBoldItalic.ttf in Resources */,
				BDF915462A69B6AC0051E533 /* Oswald-Light.ttf in Resources */,
				BDF9155F2A69B6D90051E533 /* FiraSans-ExtraBold.ttf in Resources */,
				BD8783E12A66D68200117111 /* Assets.xcassets in Resources */,
				BDF9155D2A69B6D90051E533 /* FiraSans-SemiBoldItalic.ttf in Resources */,
				BDF915652A69B6D90051E533 /* FiraSans-Thin.ttf in Resources */,
				BDF915672A69B6D90051E533 /* FiraSans-Regular.ttf in Resources */,
				BDF915662A69B6D90051E533 /* FiraSans-Bold.ttf in Resources */,
				BDF915472A69B6AC0051E533 /* Oswald-Bold.ttf in Resources */,
				BDF915682A69B6D90051E533 /* FiraSans-BlackItalic.ttf in Resources */,
				BDF915492A69B6AC0051E533 /* Oswald-Medium.ttf in Resources */,
				BDF915372A69B0220051E533 /* ZenLoop-Regular.ttf in Resources */,
				BDF9156D2A69B6D90051E533 /* FiraSans-LightItalic.ttf in Resources */,
				BDF9156B2A69B6D90051E533 /* FiraSans-Medium.ttf in Resources */,
				BDF9155E2A69B6D90051E533 /* FiraSans-BoldItalic.ttf in Resources */,
				BDF915482A69B6AC0051E533 /* Oswald-Regular.ttf in Resources */,
			);
			runOnlyForDeploymentPostprocessing = 0;
		};
/* End PBXResourcesBuildPhase section */

/* Begin PBXSourcesBuildPhase section */
		BD8783D52A66D67F00117111 /* Sources */ = {
			isa = PBXSourcesBuildPhase;
			buildActionMask = 2147483647;
			files = (
				BDD06DC72A6869DC006C5F97 /* environmentView.swift in Sources */,
				BDFE797C2A68444D00057068 /* keepAustinBeautiful.swift in Sources */,
				BD23A4282A6836680003250A /* caritasOfAustin.swift in Sources */,
				BDD06DCF2A688175006C5F97 /* OurMission.swift in Sources */,
				BDD06DCD2A686A99006C5F97 /* lgbtqView.swift in Sources */,
				BDFE79822A68477F00057068 /* outYouth.swift in Sources */,
				BDFE79782A68424700057068 /* mobileLoavesAndFishes.swift in Sources */,
				BDD06DCB2A686A03006C5F97 /* foodInsecurityView.swift in Sources */,
				BD2D3B412A6721C2001F3A20 /* SecondView.swift in Sources */,
				BDFE79842A6847C600057068 /* transgenderEducationNet.swift in Sources */,
				BDFE797A2A68436200057068 /* rainforestPartnership.swift in Sources */,
				BD8783DF2A66D67F00117111 /* ContentView.swift in Sources */,
				BDD06DD12A688187006C5F97 /* ContactInfo.swift in Sources */,
				BDFE797E2A6846E100057068 /* keepAustinFed.swift in Sources */,
				BDF9153C2A69B4160051E533 /* FontTest.swift in Sources */,
				BDD06DC52A6869C4006C5F97 /* homelessnessView.swift in Sources */,
				BD8783DD2A66D67F00117111 /* CATXApp.swift in Sources */,
				BDFE79802A68473700057068 /* centralTexasFoodBank.swift in Sources */,
			);
			runOnlyForDeploymentPostprocessing = 0;
		};
/* End PBXSourcesBuildPhase section */

/* Begin XCBuildConfiguration section */
		BD8783E52A66D68200117111 /* Debug */ = {
			isa = XCBuildConfiguration;
			buildSettings = {
				ALWAYS_SEARCH_USER_PATHS = NO;
				CLANG_ANALYZER_NONNULL = YES;
				CLANG_ANALYZER_NUMBER_OBJECT_CONVERSION = YES_AGGRESSIVE;
				CLANG_CXX_LANGUAGE_STANDARD = "gnu++20";
				CLANG_ENABLE_MODULES = YES;
				CLANG_ENABLE_OBJC_ARC = YES;
				CLANG_ENABLE_OBJC_WEAK = YES;
				CLANG_WARN_BLOCK_CAPTURE_AUTORELEASING = YES;
				CLANG_WARN_BOOL_CONVERSION = YES;
				CLANG_WARN_COMMA = YES;
				CLANG_WARN_CONSTANT_CONVERSION = YES;
				CLANG_WARN_DEPRECATED_OBJC_IMPLEMENTATIONS = YES;
				CLANG_WARN_DIRECT_OBJC_ISA_USAGE = YES_ERROR;
				CLANG_WARN_DOCUMENTATION_COMMENTS = YES;
				CLANG_WARN_EMPTY_BODY = YES;
				CLANG_WARN_ENUM_CONVERSION = YES;
				CLANG_WARN_INFINITE_RECURSION = YES;
				CLANG_WARN_INT_CONVERSION = YES;
				CLANG_WARN_NON_LITERAL_NULL_CONVERSION = YES;
				CLANG_WARN_OBJC_IMPLICIT_RETAIN_SELF = YES;
				CLANG_WARN_OBJC_LITERAL_CONVERSION = YES;
				CLANG_WARN_OBJC_ROOT_CLASS = YES_ERROR;
				CLANG_WARN_QUOTED_INCLUDE_IN_FRAMEWORK_HEADER = YES;
				CLANG_WARN_RANGE_LOOP_ANALYSIS = YES;
				CLANG_WARN_STRICT_PROTOTYPES = YES;
				CLANG_WARN_SUSPICIOUS_MOVE = YES;
				CLANG_WARN_UNGUARDED_AVAILABILITY = YES_AGGRESSIVE;
				CLANG_WARN_UNREACHABLE_CODE = YES;
				CLANG_WARN__DUPLICATE_METHOD_MATCH = YES;
				COPY_PHASE_STRIP = NO;
				DEBUG_INFORMATION_FORMAT = dwarf;
				ENABLE_STRICT_OBJC_MSGSEND = YES;
				ENABLE_TESTABILITY = YES;
				GCC_C_LANGUAGE_STANDARD = gnu11;
				GCC_DYNAMIC_NO_PIC = NO;
				GCC_NO_COMMON_BLOCKS = YES;
				GCC_OPTIMIZATION_LEVEL = 0;
				GCC_PREPROCESSOR_DEFINITIONS = (
					"DEBUG=1",
					"$(inherited)",
				);
				GCC_WARN_64_TO_32_BIT_CONVERSION = YES;
				GCC_WARN_ABOUT_RETURN_TYPE = YES_ERROR;
				GCC_WARN_UNDECLARED_SELECTOR = YES;
				GCC_WARN_UNINITIALIZED_AUTOS = YES_AGGRESSIVE;
				GCC_WARN_UNUSED_FUNCTION = YES;
				GCC_WARN_UNUSED_VARIABLE = YES;
				IPHONEOS_DEPLOYMENT_TARGET = 16.4;
				MTL_ENABLE_DEBUG_INFO = INCLUDE_SOURCE;
				MTL_FAST_MATH = YES;
				ONLY_ACTIVE_ARCH = YES;
				SDKROOT = iphoneos;
				SWIFT_ACTIVE_COMPILATION_CONDITIONS = DEBUG;
				SWIFT_OPTIMIZATION_LEVEL = "-Onone";
			};
			name = Debug;
		};
		BD8783E62A66D68200117111 /* Release */ = {
			isa = XCBuildConfiguration;
			buildSettings = {
				ALWAYS_SEARCH_USER_PATHS = NO;
				CLANG_ANALYZER_NONNULL = YES;
				CLANG_ANALYZER_NUMBER_OBJECT_CONVERSION = YES_AGGRESSIVE;
				CLANG_CXX_LANGUAGE_STANDARD = "gnu++20";
				CLANG_ENABLE_MODULES = YES;
				CLANG_ENABLE_OBJC_ARC = YES;
				CLANG_ENABLE_OBJC_WEAK = YES;
				CLANG_WARN_BLOCK_CAPTURE_AUTORELEASING = YES;
				CLANG_WARN_BOOL_CONVERSION = YES;
				CLANG_WARN_COMMA = YES;
				CLANG_WARN_CONSTANT_CONVERSION = YES;
				CLANG_WARN_DEPRECATED_OBJC_IMPLEMENTATIONS = YES;
				CLANG_WARN_DIRECT_OBJC_ISA_USAGE = YES_ERROR;
				CLANG_WARN_DOCUMENTATION_COMMENTS = YES;
				CLANG_WARN_EMPTY_BODY = YES;
				CLANG_WARN_ENUM_CONVERSION = YES;
				CLANG_WARN_INFINITE_RECURSION = YES;
				CLANG_WARN_INT_CONVERSION = YES;
				CLANG_WARN_NON_LITERAL_NULL_CONVERSION = YES;
				CLANG_WARN_OBJC_IMPLICIT_RETAIN_SELF = YES;
				CLANG_WARN_OBJC_LITERAL_CONVERSION = YES;
				CLANG_WARN_OBJC_ROOT_CLASS = YES_ERROR;
				CLANG_WARN_QUOTED_INCLUDE_IN_FRAMEWORK_HEADER = YES;
				CLANG_WARN_RANGE_LOOP_ANALYSIS = YES;
				CLANG_WARN_STRICT_PROTOTYPES = YES;
				CLANG_WARN_SUSPICIOUS_MOVE = YES;
				CLANG_WARN_UNGUARDED_AVAILABILITY = YES_AGGRESSIVE;
				CLANG_WARN_UNREACHABLE_CODE = YES;
				CLANG_WARN__DUPLICATE_METHOD_MATCH = YES;
				COPY_PHASE_STRIP = NO;
				DEBUG_INFORMATION_FORMAT = "dwarf-with-dsym";
				ENABLE_NS_ASSERTIONS = NO;
				ENABLE_STRICT_OBJC_MSGSEND = YES;
				GCC_C_LANGUAGE_STANDARD = gnu11;
				GCC_NO_COMMON_BLOCKS = YES;
				GCC_WARN_64_TO_32_BIT_CONVERSION = YES;
				GCC_WARN_ABOUT_RETURN_TYPE = YES_ERROR;
				GCC_WARN_UNDECLARED_SELECTOR = YES;
				GCC_WARN_UNINITIALIZED_AUTOS = YES_AGGRESSIVE;
				GCC_WARN_UNUSED_FUNCTION = YES;
				GCC_WARN_UNUSED_VARIABLE = YES;
				IPHONEOS_DEPLOYMENT_TARGET = 16.4;
				MTL_ENABLE_DEBUG_INFO = NO;
				MTL_FAST_MATH = YES;
				SDKROOT = iphoneos;
				SWIFT_COMPILATION_MODE = wholemodule;
				SWIFT_OPTIMIZATION_LEVEL = "-O";
				VALIDATE_PRODUCT = YES;
			};
			name = Release;
		};
		BD8783E82A66D68200117111 /* Debug */ = {
			isa = XCBuildConfiguration;
			buildSettings = {
				ASSETCATALOG_COMPILER_APPICON_NAME = AppIcon;
				ASSETCATALOG_COMPILER_GLOBAL_ACCENT_COLOR_NAME = AccentColor;
				CODE_SIGN_STYLE = Automatic;
				CURRENT_PROJECT_VERSION = 1;
				DEVELOPMENT_ASSET_PATHS = "\"CATX/Preview Content\"";
				ENABLE_PREVIEWS = YES;
				GENERATE_INFOPLIST_FILE = YES;
				INFOPLIST_FILE = CATX/Info.plist;
				INFOPLIST_KEY_UIApplicationSceneManifest_Generation = YES;
				INFOPLIST_KEY_UIApplicationSupportsIndirectInputEvents = YES;
				INFOPLIST_KEY_UILaunchScreen_Generation = YES;
				INFOPLIST_KEY_UISupportedInterfaceOrientations_iPad = "UIInterfaceOrientationPortrait UIInterfaceOrientationPortraitUpsideDown UIInterfaceOrientationLandscapeLeft UIInterfaceOrientationLandscapeRight";
				INFOPLIST_KEY_UISupportedInterfaceOrientations_iPhone = "UIInterfaceOrientationPortrait UIInterfaceOrientationLandscapeLeft UIInterfaceOrientationLandscapeRight";
				LD_RUNPATH_SEARCH_PATHS = (
					"$(inherited)",
					"@executable_path/Frameworks",
				);
				MARKETING_VERSION = 1.0;
				PRODUCT_BUNDLE_IDENTIFIER = KWK.CATX;
				PRODUCT_NAME = "$(TARGET_NAME)";
				SWIFT_EMIT_LOC_STRINGS = YES;
				SWIFT_VERSION = 5.0;
				TARGETED_DEVICE_FAMILY = "1,2";
			};
			name = Debug;
		};
		BD8783E92A66D68200117111 /* Release */ = {
			isa = XCBuildConfiguration;
			buildSettings = {
				ASSETCATALOG_COMPILER_APPICON_NAME = AppIcon;
				ASSETCATALOG_COMPILER_GLOBAL_ACCENT_COLOR_NAME = AccentColor;
				CODE_SIGN_STYLE = Automatic;
				CURRENT_PROJECT_VERSION = 1;
				DEVELOPMENT_ASSET_PATHS = "\"CATX/Preview Content\"";
				ENABLE_PREVIEWS = YES;
				GENERATE_INFOPLIST_FILE = YES;
				INFOPLIST_FILE = CATX/Info.plist;
				INFOPLIST_KEY_UIApplicationSceneManifest_Generation = YES;
				INFOPLIST_KEY_UIApplicationSupportsIndirectInputEvents = YES;
				INFOPLIST_KEY_UILaunchScreen_Generation = YES;
				INFOPLIST_KEY_UISupportedInterfaceOrientations_iPad = "UIInterfaceOrientationPortrait UIInterfaceOrientationPortraitUpsideDown UIInterfaceOrientationLandscapeLeft UIInterfaceOrientationLandscapeRight";
				INFOPLIST_KEY_UISupportedInterfaceOrientations_iPhone = "UIInterfaceOrientationPortrait UIInterfaceOrientationLandscapeLeft UIInterfaceOrientationLandscapeRight";
				LD_RUNPATH_SEARCH_PATHS = (
					"$(inherited)",
					"@executable_path/Frameworks",
				);
				MARKETING_VERSION = 1.0;
				PRODUCT_BUNDLE_IDENTIFIER = KWK.CATX;
				PRODUCT_NAME = "$(TARGET_NAME)";
				SWIFT_EMIT_LOC_STRINGS = YES;
				SWIFT_VERSION = 5.0;
				TARGETED_DEVICE_FAMILY = "1,2";
			};
			name = Release;
		};
/* End XCBuildConfiguration section */

/* Begin XCConfigurationList section */
		BD8783D42A66D67F00117111 /* Build configuration list for PBXProject "CATX" */ = {
			isa = XCConfigurationList;
			buildConfigurations = (
				BD8783E52A66D68200117111 /* Debug */,
				BD8783E62A66D68200117111 /* Release */,
			);
			defaultConfigurationIsVisible = 0;
			defaultConfigurationName = Release;
		};
		BD8783E72A66D68200117111 /* Build configuration list for PBXNativeTarget "CATX" */ = {
			isa = XCConfigurationList;
			buildConfigurations = (
				BD8783E82A66D68200117111 /* Debug */,
				BD8783E92A66D68200117111 /* Release */,
			);
			defaultConfigurationIsVisible = 0;
			defaultConfigurationName = Release;
		};
/* End XCConfigurationList section */
	};
	rootObject = BD8783D12A66D67F00117111 /* Project object */;
}
